
Microsoft Visual Studio Solution File, Format Version 12.00
# Visual Studio Version 16
VisualStudioVersion = 16.0.30517.126
MinimumVisualStudioVersion = 10.0.40219.1
Project("{FAE04EC0-301F-11D3-BF4B-00C04F79EFBC}") = "ITForumV3", "ITForumV3\ITForumV3.csproj", "{BB9B47D4-F87B-4877-9358-78983B7A2043}"
EndProject
Global
	GlobalSection(SolutionConfigurationPlatforms) = preSolution
		Debug|Any CPU = Debug|Any CPU
		Release|Any CPU = Release|Any CPU
	EndGlobalSection
	GlobalSection(ProjectConfigurationPlatforms) = postSolution
		{BB9B47D4-F87B-4877-9358-78983B7A2043}.Debug|Any CPU.ActiveCfg = Debug|Any CPU
		{BB9B47D4-F87B-4877-9358-78983B7A2043}.Debug|Any CPU.Build.0 = Debug|Any CPU
		{BB9B47D4-F87B-4877-9358-78983B7A2043}.Release|Any CPU.ActiveCfg = Release|Any CPU
		{BB9B47D4-F87B-4877-9358-78983B7A2043}.Release|Any CPU.Build.0 = Release|Any CPU
	EndGlobalSection
	GlobalSection(SolutionProperties) = preSolution
		HideSolutionNode = FALSE
	EndGlobalSection
	GlobalSection(ExtensibilityGlobals) = postSolution
		SolutionGuid = {A2EC1471-155A-42B0-AA5F-8C7BF751B84E}
	EndGlobalSection
EndGlobal
